
Microsoft Visual Studio Solution File, Format Version 12.00
# Visual Studio 14
VisualStudioVersion = 14.0.25420.1
MinimumVisualStudioVersion = 10.0.40219.1
Project("{2150E333-8FDC-42A3-9474-1A3956D46DE8}") = "公共层", "公共层", "{E8EDAAAF-4A79-442F-B4B2-B90AEB973870}"
EndProject
Project("{2150E333-8FDC-42A3-9474-1A3956D46DE8}") = "控制器交互层", "控制器交互层", "{9845CA67-39F5-486E-9DD9-5A8B45C56321}"
EndProject
Project("{2150E333-8FDC-42A3-9474-1A3956D46DE8}") = "领域驱动层", "领域驱动层", "{818EB915-1F23-406B-AB68-AA4DBB8ED569}"
EndProject
Project("{2150E333-8FDC-42A3-9474-1A3956D46DE8}") = "数据模型层", "数据模型层", "{A32A4991-A0F0-47E6-912D-1005A2F8A573}"
EndProject
Project("{FAE04EC0-301F-11D3-BF4B-00C04F79EFBC}") = "Titan.Infrastructure", "公共层\Titan.Infrastructure\Titan.Infrastructure.csproj", "{AAA9BFCA-3B86-4BF0-B3D9-4B91E4989A50}"
EndProject
Project("{FAE04EC0-301F-11D3-BF4B-00C04F79EFBC}") = "Titan.WebMVC", "控制器交互层\Titan.WebMVC\Titan.WebMVC.csproj", "{65552B8D-60DB-4532-B770-D92803B70F7F}"
EndProject
Project("{FAE04EC0-301F-11D3-BF4B-00C04F79EFBC}") = "Titan.Controllers", "控制器交互层\Titan.Controllers\Titan.Controllers.csproj", "{F8177613-9944-4461-AC8C-F3B01635F500}"
EndProject
Project("{FAE04EC0-301F-11D3-BF4B-00C04F79EFBC}") = "Titan.AppService", "领域驱动层\Titan.AppService\Titan.AppService.csproj", "{2A810093-DD5E-4229-8D54-38FD5286A80C}"
EndProject
Project("{FAE04EC0-301F-11D3-BF4B-00C04F79EFBC}") = "Titan.Model", "数据模型层\Titan.Model\Titan.Model.csproj", "{C3CFE0D1-F37A-4301-94D9-B4B7DD282DFD}"
EndProject
Project("{FAE04EC0-301F-11D3-BF4B-00C04F79EFBC}") = "Titan.RepositoryCode", "数据模型层\Titan.RepositoryCode\Titan.RepositoryCode.csproj", "{5EACB79A-665A-43D6-9F07-CAF4649A0653}"
EndProject
Project("{2150E333-8FDC-42A3-9474-1A3956D46DE8}") = "单元测试", "单元测试", "{57F6CFC6-7272-4035-B19D-B21D2BF49068}"
EndProject
Project("{FAE04EC0-301F-11D3-BF4B-00C04F79EFBC}") = "Titan.ControllersTests", "单元测试\Titan.ControllersTests\Titan.ControllersTests.csproj", "{68063FBF-0638-486B-B779-5D8FE44BF0E8}"
EndProject
Project("{FAE04EC0-301F-11D3-BF4B-00C04F79EFBC}") = "Titan.PocoTools", "数据模型层\Titan.PocoTools\Titan.PocoTools.csproj", "{5C9A5E94-FF9F-4898-A231-6D224103CD9D}"
EndProject
Project("{FAE04EC0-301F-11D3-BF4B-00C04F79EFBC}") = "Titan.WebAPPTest", "单元测试\Titan.WebAPPTest\Titan.WebAPPTest.csproj", "{69E3C280-E63E-486F-B292-5F5B247EB678}"
EndProject
Global
	GlobalSection(SolutionConfigurationPlatforms) = preSolution
		Debug|Any CPU = Debug|Any CPU
		Release|Any CPU = Release|Any CPU
	EndGlobalSection
	GlobalSection(ProjectConfigurationPlatforms) = postSolution
		{AAA9BFCA-3B86-4BF0-B3D9-4B91E4989A50}.Debug|Any CPU.ActiveCfg = Debug|Any CPU
		{AAA9BFCA-3B86-4BF0-B3D9-4B91E4989A50}.Debug|Any CPU.Build.0 = Debug|Any CPU
		{AAA9BFCA-3B86-4BF0-B3D9-4B91E4989A50}.Release|Any CPU.ActiveCfg = Release|Any CPU
		{AAA9BFCA-3B86-4BF0-B3D9-4B91E4989A50}.Release|Any CPU.Build.0 = Release|Any CPU
		{65552B8D-60DB-4532-B770-D92803B70F7F}.Debug|Any CPU.ActiveCfg = Debug|Any CPU
		{65552B8D-60DB-4532-B770-D92803B70F7F}.Debug|Any CPU.Build.0 = Debug|Any CPU
		{65552B8D-60DB-4532-B770-D92803B70F7F}.Release|Any CPU.ActiveCfg = Release|Any CPU
		{65552B8D-60DB-4532-B770-D92803B70F7F}.Release|Any CPU.Build.0 = Release|Any CPU
		{F8177613-9944-4461-AC8C-F3B01635F500}.Debug|Any CPU.ActiveCfg = Debug|Any CPU
		{F8177613-9944-4461-AC8C-F3B01635F500}.Debug|Any CPU.Build.0 = Debug|Any CPU
		{F8177613-9944-4461-AC8C-F3B01635F500}.Release|Any CPU.ActiveCfg = Release|Any CPU
		{F8177613-9944-4461-AC8C-F3B01635F500}.Release|Any CPU.Build.0 = Release|Any CPU
		{2A810093-DD5E-4229-8D54-38FD5286A80C}.Debug|Any CPU.ActiveCfg = Debug|Any CPU
		{2A810093-DD5E-4229-8D54-38FD5286A80C}.Debug|Any CPU.Build.0 = Debug|Any CPU
		{2A810093-DD5E-4229-8D54-38FD5286A80C}.Release|Any CPU.ActiveCfg = Release|Any CPU
		{2A810093-DD5E-4229-8D54-38FD5286A80C}.Release|Any CPU.Build.0 = Release|Any CPU
		{C3CFE0D1-F37A-4301-94D9-B4B7DD282DFD}.Debug|Any CPU.ActiveCfg = Debug|Any CPU
		{C3CFE0D1-F37A-4301-94D9-B4B7DD282DFD}.Debug|Any CPU.Build.0 = Debug|Any CPU
		{C3CFE0D1-F37A-4301-94D9-B4B7DD282DFD}.Release|Any CPU.ActiveCfg = Release|Any CPU
		{C3CFE0D1-F37A-4301-94D9-B4B7DD282DFD}.Release|Any CPU.Build.0 = Release|Any CPU
		{5EACB79A-665A-43D6-9F07-CAF4649A0653}.Debug|Any CPU.ActiveCfg = Debug|Any CPU
		{5EACB79A-665A-43D6-9F07-CAF4649A0653}.Debug|Any CPU.Build.0 = Debug|Any CPU
		{5EACB79A-665A-43D6-9F07-CAF4649A0653}.Release|Any CPU.ActiveCfg = Release|Any CPU
		{5EACB79A-665A-43D6-9F07-CAF4649A0653}.Release|Any CPU.Build.0 = Release|Any CPU
		{68063FBF-0638-486B-B779-5D8FE44BF0E8}.Debug|Any CPU.ActiveCfg = Debug|Any CPU
		{68063FBF-0638-486B-B779-5D8FE44BF0E8}.Debug|Any CPU.Build.0 = Debug|Any CPU
		{68063FBF-0638-486B-B779-5D8FE44BF0E8}.Release|Any CPU.ActiveCfg = Release|Any CPU
		{68063FBF-0638-486B-B779-5D8FE44BF0E8}.Release|Any CPU.Build.0 = Release|Any CPU
		{5C9A5E94-FF9F-4898-A231-6D224103CD9D}.Debug|Any CPU.ActiveCfg = Debug|Any CPU
		{5C9A5E94-FF9F-4898-A231-6D224103CD9D}.Debug|Any CPU.Build.0 = Debug|Any CPU
		{5C9A5E94-FF9F-4898-A231-6D224103CD9D}.Release|Any CPU.ActiveCfg = Release|Any CPU
		{5C9A5E94-FF9F-4898-A231-6D224103CD9D}.Release|Any CPU.Build.0 = Release|Any CPU
		{69E3C280-E63E-486F-B292-5F5B247EB678}.Debug|Any CPU.ActiveCfg = Debug|Any CPU
		{69E3C280-E63E-486F-B292-5F5B247EB678}.Debug|Any CPU.Build.0 = Debug|Any CPU
		{69E3C280-E63E-486F-B292-5F5B247EB678}.Release|Any CPU.ActiveCfg = Release|Any CPU
		{69E3C280-E63E-486F-B292-5F5B247EB678}.Release|Any CPU.Build.0 = Release|Any CPU
	EndGlobalSection
	GlobalSection(SolutionProperties) = preSolution
		HideSolutionNode = FALSE
	EndGlobalSection
	GlobalSection(NestedProjects) = preSolution
		{AAA9BFCA-3B86-4BF0-B3D9-4B91E4989A50} = {E8EDAAAF-4A79-442F-B4B2-B90AEB973870}
		{65552B8D-60DB-4532-B770-D92803B70F7F} = {9845CA67-39F5-486E-9DD9-5A8B45C56321}
		{F8177613-9944-4461-AC8C-F3B01635F500} = {9845CA67-39F5-486E-9DD9-5A8B45C56321}
		{2A810093-DD5E-4229-8D54-38FD5286A80C} = {818EB915-1F23-406B-AB68-AA4DBB8ED569}
		{C3CFE0D1-F37A-4301-94D9-B4B7DD282DFD} = {A32A4991-A0F0-47E6-912D-1005A2F8A573}
		{5EACB79A-665A-43D6-9F07-CAF4649A0653} = {A32A4991-A0F0-47E6-912D-1005A2F8A573}
		{68063FBF-0638-486B-B779-5D8FE44BF0E8} = {57F6CFC6-7272-4035-B19D-B21D2BF49068}
		{5C9A5E94-FF9F-4898-A231-6D224103CD9D} = {A32A4991-A0F0-47E6-912D-1005A2F8A573}
		{69E3C280-E63E-486F-B292-5F5B247EB678} = {57F6CFC6-7272-4035-B19D-B21D2BF49068}
	EndGlobalSection
EndGlobal
